
Microsoft Visual Studio Solution File, Format Version 12.00
# Visual Studio Version 17
VisualStudioVersion = 17.5.002.0
MinimumVisualStudioVersion = 10.0.40219.1
Project("{9A19103F-16F7-4668-BE54-9A1E7A4F7556}") = "CalculadoraMenosSimples", "CalculadoraMenosSimples\CalculadoraMenosSimples.csproj", "{45268A7D-04BA-4201-9DB5-8338633B5498}"
EndProject
Global
	GlobalSection(SolutionConfigurationPlatforms) = preSolution
		Debug|Any CPU = Debug|Any CPU
		Release|Any CPU = Release|Any CPU
	EndGlobalSection
	GlobalSection(ProjectConfigurationPlatforms) = postSolution
		{45268A7D-04BA-4201-9DB5-8338633B5498}.Debug|Any CPU.ActiveCfg = Debug|Any CPU
		{45268A7D-04BA-4201-9DB5-8338633B5498}.Debug|Any CPU.Build.0 = Debug|Any CPU
		{45268A7D-04BA-4201-9DB5-8338633B5498}.Release|Any CPU.ActiveCfg = Release|Any CPU
		{45268A7D-04BA-4201-9DB5-8338633B5498}.Release|Any CPU.Build.0 = Release|Any CPU
	EndGlobalSection
	GlobalSection(SolutionProperties) = preSolution
		HideSolutionNode = FALSE
	EndGlobalSection
	GlobalSection(ExtensibilityGlobals) = postSolution
		SolutionGuid = {67EBFF5D-8353-4856-B35A-C8171B9455AA}
	EndGlobalSection
EndGlobal
